
Microsoft Visual Studio Solution File, Format Version 12.00
# Visual Studio Version 16
VisualStudioVersion = 16.0.31105.61
MinimumVisualStudioVersion = 10.0.40219.1
Project("{9A19103F-16F7-4668-BE54-9A1E7A4F7556}") = "Fix", "Fix\Fix.csproj", "{5F8A0688-7730-4147-8B65-8EFD0C5F040F}"
EndProject
Project("{9A19103F-16F7-4668-BE54-9A1E7A4F7556}") = "FixClient", "FixClient\FixClient.csproj", "{4338707D-10ED-47B2-B273-6E54D3DE9383}"
EndProject
Project("{9A19103F-16F7-4668-BE54-9A1E7A4F7556}") = "FixPerformanceTest", "FixPerformanceTest\FixPerformanceTest.csproj", "{B5BA8407-7C72-4EE5-B371-F6FB054DFF81}"
EndProject
Project("{9A19103F-16F7-4668-BE54-9A1E7A4F7556}") = "FixPersistentSessionPerformanceTest", "FixPersistentSessionPerformanceTest\FixPersistentSessionPerformanceTest.csproj", "{466B5062-FC75-44BA-AA3A-359CE922D58A}"
EndProject
Project("{9A19103F-16F7-4668-BE54-9A1E7A4F7556}") = "Fix.Dictionary", "Fix.Dictionary\Fix.Dictionary.csproj", "{E4F58391-0DD3-407A-B27C-E4ACE1211B13}"
EndProject
Project("{9A19103F-16F7-4668-BE54-9A1E7A4F7556}") = "Fix.Dictionary.Tests", "Fix.Dictionary.Tests\Fix.Dictionary.Tests.csproj", "{0623849C-5070-4118-9C3B-A727CE5658EE}"
EndProject
Project("{9A19103F-16F7-4668-BE54-9A1E7A4F7556}") = "Fix.Common", "Fix.Common\Fix.Common.csproj", "{D63F7942-9E53-45B7-9AFE-79EF2E0E3367}"
EndProject
Project("{2150E333-8FDC-42A3-9474-1A3956D46DE8}") = "Solution Items", "Solution Items", "{EB4BA472-4880-4594-85A8-47919EEBDC42}"
	ProjectSection(SolutionItems) = preProject
		Directory.Build.props = Directory.Build.props
	EndProjectSection
EndProject
Project("{2150E333-8FDC-42A3-9474-1A3956D46DE8}") = "Examples", "Examples", "{B64A82CB-B1BD-4F48-80DC-19597B722063}"
EndProject
Project("{9A19103F-16F7-4668-BE54-9A1E7A4F7556}") = "Fix.Dictionary.Api", "Examples\Fix.Dictionary.Api\Fix.Dictionary.Api.csproj", "{A73C4B13-BD1E-4248-83F4-8E2F3B1E4EC3}"
EndProject
Project("{9A19103F-16F7-4668-BE54-9A1E7A4F7556}") = "Fix.Tests", "Fix.Tests\Fix.Tests.csproj", "{933B6837-48A2-4867-8BB1-7F7A971855F8}"
EndProject
Project("{9A19103F-16F7-4668-BE54-9A1E7A4F7556}") = "FixClient.Tests", "FixClient.Tests\FixClient.Tests.csproj", "{753D8570-C1B2-496E-8B82-0743EC44DD24}"
EndProject
Project("{FAE04EC0-301F-11D3-BF4B-00C04F79EFBC}") = "Fix.Common.Tests", "Fix.Common.Tests\Fix.Common.Tests.csproj", "{02D9637B-DE39-485B-A459-A78C0D7DBA1D}"
EndProject
Global
	GlobalSection(SolutionConfigurationPlatforms) = preSolution
		Debug|Any CPU = Debug|Any CPU
		Debug|Mixed Platforms = Debug|Mixed Platforms
		Debug|x64 = Debug|x64
		Debug|x86 = Debug|x86
		Release|Any CPU = Release|Any CPU
		Release|Mixed Platforms = Release|Mixed Platforms
		Release|x64 = Release|x64
		Release|x86 = Release|x86
	EndGlobalSection
	GlobalSection(ProjectConfigurationPlatforms) = postSolution
		{5F8A0688-7730-4147-8B65-8EFD0C5F040F}.Debug|Any CPU.ActiveCfg = Debug|Any CPU
		{5F8A0688-7730-4147-8B65-8EFD0C5F040F}.Debug|Any CPU.Build.0 = Debug|Any CPU
		{5F8A0688-7730-4147-8B65-8EFD0C5F040F}.Debug|Mixed Platforms.ActiveCfg = Debug|Any CPU
		{5F8A0688-7730-4147-8B65-8EFD0C5F040F}.Debug|Mixed Platforms.Build.0 = Debug|Any CPU
		{5F8A0688-7730-4147-8B65-8EFD0C5F040F}.Debug|x64.ActiveCfg = Debug|Any CPU
		{5F8A0688-7730-4147-8B65-8EFD0C5F040F}.Debug|x64.Build.0 = Debug|Any CPU
		{5F8A0688-7730-4147-8B65-8EFD0C5F040F}.Debug|x86.ActiveCfg = Debug|Any CPU
		{5F8A0688-7730-4147-8B65-8EFD0C5F040F}.Debug|x86.Build.0 = Debug|Any CPU
		{5F8A0688-7730-4147-8B65-8EFD0C5F040F}.Release|Any CPU.ActiveCfg = Release|Any CPU
		{5F8A0688-7730-4147-8B65-8EFD0C5F040F}.Release|Any CPU.Build.0 = Release|Any CPU
		{5F8A0688-7730-4147-8B65-8EFD0C5F040F}.Release|Mixed Platforms.ActiveCfg = Release|Any CPU
		{5F8A0688-7730-4147-8B65-8EFD0C5F040F}.Release|Mixed Platforms.Build.0 = Release|Any CPU
		{5F8A0688-7730-4147-8B65-8EFD0C5F040F}.Release|x64.ActiveCfg = Release|Any CPU
		{5F8A0688-7730-4147-8B65-8EFD0C5F040F}.Release|x64.Build.0 = Release|Any CPU
		{5F8A0688-7730-4147-8B65-8EFD0C5F040F}.Release|x86.ActiveCfg = Release|Any CPU
		{5F8A0688-7730-4147-8B65-8EFD0C5F040F}.Release|x86.Build.0 = Release|Any CPU
		{4338707D-10ED-47B2-B273-6E54D3DE9383}.Debug|Any CPU.ActiveCfg = Debug|Any CPU
		{4338707D-10ED-47B2-B273-6E54D3DE9383}.Debug|Any CPU.Build.0 = Debug|Any CPU
		{4338707D-10ED-47B2-B273-6E54D3DE9383}.Debug|Mixed Platforms.ActiveCfg = Debug|Any CPU
		{4338707D-10ED-47B2-B273-6E54D3DE9383}.Debug|Mixed Platforms.Build.0 = Debug|Any CPU
		{4338707D-10ED-47B2-B273-6E54D3DE9383}.Debug|x64.ActiveCfg = Debug|Any CPU
		{4338707D-10ED-47B2-B273-6E54D3DE9383}.Debug|x64.Build.0 = Debug|Any CPU
		{4338707D-10ED-47B2-B273-6E54D3DE9383}.Debug|x86.ActiveCfg = Debug|Any CPU
		{4338707D-10ED-47B2-B273-6E54D3DE9383}.Debug|x86.Build.0 = Debug|Any CPU
		{4338707D-10ED-47B2-B273-6E54D3DE9383}.Release|Any CPU.ActiveCfg = Release|Any CPU
		{4338707D-10ED-47B2-B273-6E54D3DE9383}.Release|Any CPU.Build.0 = Release|Any CPU
		{4338707D-10ED-47B2-B273-6E54D3DE9383}.Release|Mixed Platforms.ActiveCfg = Release|Any CPU
		{4338707D-10ED-47B2-B273-6E54D3DE9383}.Release|Mixed Platforms.Build.0 = Release|Any CPU
		{4338707D-10ED-47B2-B273-6E54D3DE9383}.Release|x64.ActiveCfg = Release|Any CPU
		{4338707D-10ED-47B2-B273-6E54D3DE9383}.Release|x64.Build.0 = Release|Any CPU
		{4338707D-10ED-47B2-B273-6E54D3DE9383}.Release|x86.ActiveCfg = Release|Any CPU
		{4338707D-10ED-47B2-B273-6E54D3DE9383}.Release|x86.Build.0 = Release|Any CPU
		{B5BA8407-7C72-4EE5-B371-F6FB054DFF81}.Debug|Any CPU.ActiveCfg = Debug|Any CPU
		{B5BA8407-7C72-4EE5-B371-F6FB054DFF81}.Debug|Any CPU.Build.0 = Debug|Any CPU
		{B5BA8407-7C72-4EE5-B371-F6FB054DFF81}.Debug|Mixed Platforms.ActiveCfg = Debug|Any CPU
		{B5BA8407-7C72-4EE5-B371-F6FB054DFF81}.Debug|Mixed Platforms.Build.0 = Debug|Any CPU
		{B5BA8407-7C72-4EE5-B371-F6FB054DFF81}.Debug|x64.ActiveCfg = Debug|Any CPU
		{B5BA8407-7C72-4EE5-B371-F6FB054DFF81}.Debug|x64.Build.0 = Debug|Any CPU
		{B5BA8407-7C72-4EE5-B371-F6FB054DFF81}.Debug|x86.ActiveCfg = Debug|Any CPU
		{B5BA8407-7C72-4EE5-B371-F6FB054DFF81}.Debug|x86.Build.0 = Debug|Any CPU
		{B5BA8407-7C72-4EE5-B371-F6FB054DFF81}.Release|Any CPU.ActiveCfg = Release|Any CPU
		{B5BA8407-7C72-4EE5-B371-F6FB054DFF81}.Release|Any CPU.Build.0 = Release|Any CPU
		{B5BA8407-7C72-4EE5-B371-F6FB054DFF81}.Release|Mixed Platforms.ActiveCfg = Release|Any CPU
		{B5BA8407-7C72-4EE5-B371-F6FB054DFF81}.Release|Mixed Platforms.Build.0 = Release|Any CPU
		{B5BA8407-7C72-4EE5-B371-F6FB054DFF81}.Release|x64.ActiveCfg = Release|Any CPU
		{B5BA8407-7C72-4EE5-B371-F6FB054DFF81}.Release|x64.Build.0 = Release|Any CPU
		{B5BA8407-7C72-4EE5-B371-F6FB054DFF81}.Release|x86.ActiveCfg = Release|Any CPU
		{B5BA8407-7C72-4EE5-B371-F6FB054DFF81}.Release|x86.Build.0 = Release|Any CPU
		{466B5062-FC75-44BA-AA3A-359CE922D58A}.Debug|Any CPU.ActiveCfg = Debug|Any CPU
		{466B5062-FC75-44BA-AA3A-359CE922D58A}.Debug|Any CPU.Build.0 = Debug|Any CPU
		{466B5062-FC75-44BA-AA3A-359CE922D58A}.Debug|Mixed Platforms.ActiveCfg = Debug|Any CPU
		{466B5062-FC75-44BA-AA3A-359CE922D58A}.Debug|Mixed Platforms.Build.0 = Debug|Any CPU
		{466B5062-FC75-44BA-AA3A-359CE922D58A}.Debug|x64.ActiveCfg = Debug|Any CPU
		{466B5062-FC75-44BA-AA3A-359CE922D58A}.Debug|x64.Build.0 = Debug|Any CPU
		{466B5062-FC75-44BA-AA3A-359CE922D58A}.Debug|x86.ActiveCfg = Debug|Any CPU
		{466B5062-FC75-44BA-AA3A-359CE922D58A}.Debug|x86.Build.0 = Debug|Any CPU
		{466B5062-FC75-44BA-AA3A-359CE922D58A}.Release|Any CPU.ActiveCfg = Release|Any CPU
		{466B5062-FC75-44BA-AA3A-359CE922D58A}.Release|Any CPU.Build.0 = Release|Any CPU
		{466B5062-FC75-44BA-AA3A-359CE922D58A}.Release|Mixed Platforms.ActiveCfg = Release|Any CPU
		{466B5062-FC75-44BA-AA3A-359CE922D58A}.Release|Mixed Platforms.Build.0 = Release|Any CPU
		{466B5062-FC75-44BA-AA3A-359CE922D58A}.Release|x64.ActiveCfg = Release|Any CPU
		{466B5062-FC75-44BA-AA3A-359CE922D58A}.Release|x64.Build.0 = Release|Any CPU
		{466B5062-FC75-44BA-AA3A-359CE922D58A}.Release|x86.ActiveCfg = Release|Any CPU
		{466B5062-FC75-44BA-AA3A-359CE922D58A}.Release|x86.Build.0 = Release|Any CPU
		{E4F58391-0DD3-407A-B27C-E4ACE1211B13}.Debug|Any CPU.ActiveCfg = Debug|Any CPU
		{E4F58391-0DD3-407A-B27C-E4ACE1211B13}.Debug|Any CPU.Build.0 = Debug|Any CPU
		{E4F58391-0DD3-407A-B27C-E4ACE1211B13}.Debug|Mixed Platforms.ActiveCfg = Debug|Any CPU
		{E4F58391-0DD3-407A-B27C-E4ACE1211B13}.Debug|Mixed Platforms.Build.0 = Debug|Any CPU
		{E4F58391-0DD3-407A-B27C-E4ACE1211B13}.Debug|x64.ActiveCfg = Debug|Any CPU
		{E4F58391-0DD3-407A-B27C-E4ACE1211B13}.Debug|x64.Build.0 = Debug|Any CPU
		{E4F58391-0DD3-407A-B27C-E4ACE1211B13}.Debug|x86.ActiveCfg = Debug|Any CPU
		{E4F58391-0DD3-407A-B27C-E4ACE1211B13}.Debug|x86.Build.0 = Debug|Any CPU
		{E4F58391-0DD3-407A-B27C-E4ACE1211B13}.Release|Any CPU.ActiveCfg = Release|Any CPU
		{E4F58391-0DD3-407A-B27C-E4ACE1211B13}.Release|Any CPU.Build.0 = Release|Any CPU
		{E4F58391-0DD3-407A-B27C-E4ACE1211B13}.Release|Mixed Platforms.ActiveCfg = Release|Any CPU
		{E4F58391-0DD3-407A-B27C-E4ACE1211B13}.Release|Mixed Platforms.Build.0 = Release|Any CPU
		{E4F58391-0DD3-407A-B27C-E4ACE1211B13}.Release|x64.ActiveCfg = Release|Any CPU
		{E4F58391-0DD3-407A-B27C-E4ACE1211B13}.Release|x64.Build.0 = Release|Any CPU
		{E4F58391-0DD3-407A-B27C-E4ACE1211B13}.Release|x86.ActiveCfg = Release|Any CPU
		{E4F58391-0DD3-407A-B27C-E4ACE1211B13}.Release|x86.Build.0 = Release|Any CPU
		{0623849C-5070-4118-9C3B-A727CE5658EE}.Debug|Any CPU.ActiveCfg = Debug|Any CPU
		{0623849C-5070-4118-9C3B-A727CE5658EE}.Debug|Any CPU.Build.0 = Debug|Any CPU
		{0623849C-5070-4118-9C3B-A727CE5658EE}.Debug|Mixed Platforms.ActiveCfg = Debug|Any CPU
		{0623849C-5070-4118-9C3B-A727CE5658EE}.Debug|Mixed Platforms.Build.0 = Debug|Any CPU
		{0623849C-5070-4118-9C3B-A727CE5658EE}.Debug|x64.ActiveCfg = Debug|Any CPU
		{0623849C-5070-4118-9C3B-A727CE5658EE}.Debug|x64.Build.0 = Debug|Any CPU
		{0623849C-5070-4118-9C3B-A727CE5658EE}.Debug|x86.ActiveCfg = Debug|Any CPU
		{0623849C-5070-4118-9C3B-A727CE5658EE}.Debug|x86.Build.0 = Debug|Any CPU
		{0623849C-5070-4118-9C3B-A727CE5658EE}.Release|Any CPU.ActiveCfg = Release|Any CPU
		{0623849C-5070-4118-9C3B-A727CE5658EE}.Release|Any CPU.Build.0 = Release|Any CPU
		{0623849C-5070-4118-9C3B-A727CE5658EE}.Release|Mixed Platforms.ActiveCfg = Release|Any CPU
		{0623849C-5070-4118-9C3B-A727CE5658EE}.Release|Mixed Platforms.Build.0 = Release|Any CPU
		{0623849C-5070-4118-9C3B-A727CE5658EE}.Release|x64.ActiveCfg = Release|Any CPU
		{0623849C-5070-4118-9C3B-A727CE5658EE}.Release|x64.Build.0 = Release|Any CPU
		{0623849C-5070-4118-9C3B-A727CE5658EE}.Release|x86.ActiveCfg = Release|Any CPU
		{0623849C-5070-4118-9C3B-A727CE5658EE}.Release|x86.Build.0 = Release|Any CPU
		{D63F7942-9E53-45B7-9AFE-79EF2E0E3367}.Debug|Any CPU.ActiveCfg = Debug|Any CPU
		{D63F7942-9E53-45B7-9AFE-79EF2E0E3367}.Debug|Any CPU.Build.0 = Debug|Any CPU
		{D63F7942-9E53-45B7-9AFE-79EF2E0E3367}.Debug|Mixed Platforms.ActiveCfg = Debug|Any CPU
		{D63F7942-9E53-45B7-9AFE-79EF2E0E3367}.Debug|Mixed Platforms.Build.0 = Debug|Any CPU
		{D63F7942-9E53-45B7-9AFE-79EF2E0E3367}.Debug|x64.ActiveCfg = Debug|Any CPU
		{D63F7942-9E53-45B7-9AFE-79EF2E0E3367}.Debug|x64.Build.0 = Debug|Any CPU
		{D63F7942-9E53-45B7-9AFE-79EF2E0E3367}.Debug|x86.ActiveCfg = Debug|Any CPU
		{D63F7942-9E53-45B7-9AFE-79EF2E0E3367}.Debug|x86.Build.0 = Debug|Any CPU
		{D63F7942-9E53-45B7-9AFE-79EF2E0E3367}.Release|Any CPU.ActiveCfg = Release|Any CPU
		{D63F7942-9E53-45B7-9AFE-79EF2E0E3367}.Release|Any CPU.Build.0 = Release|Any CPU
		{D63F7942-9E53-45B7-9AFE-79EF2E0E3367}.Release|Mixed Platforms.ActiveCfg = Release|Any CPU
		{D63F7942-9E53-45B7-9AFE-79EF2E0E3367}.Release|Mixed Platforms.Build.0 = Release|Any CPU
		{D63F7942-9E53-45B7-9AFE-79EF2E0E3367}.Release|x64.ActiveCfg = Release|Any CPU
		{D63F7942-9E53-45B7-9AFE-79EF2E0E3367}.Release|x64.Build.0 = Release|Any CPU
		{D63F7942-9E53-45B7-9AFE-79EF2E0E3367}.Release|x86.ActiveCfg = Release|Any CPU
		{D63F7942-9E53-45B7-9AFE-79EF2E0E3367}.Release|x86.Build.0 = Release|Any CPU
		{A73C4B13-BD1E-4248-83F4-8E2F3B1E4EC3}.Debug|Any CPU.ActiveCfg = Debug|Any CPU
		{A73C4B13-BD1E-4248-83F4-8E2F3B1E4EC3}.Debug|Any CPU.Build.0 = Debug|Any CPU
		{A73C4B13-BD1E-4248-83F4-8E2F3B1E4EC3}.Debug|Mixed Platforms.ActiveCfg = Debug|Any CPU
		{A73C4B13-BD1E-4248-83F4-8E2F3B1E4EC3}.Debug|Mixed Platforms.Build.0 = Debug|Any CPU
		{A73C4B13-BD1E-4248-83F4-8E2F3B1E4EC3}.Debug|x64.ActiveCfg = Debug|Any CPU
		{A73C4B13-BD1E-4248-83F4-8E2F3B1E4EC3}.Debug|x64.Build.0 = Debug|Any CPU
		{A73C4B13-BD1E-4248-83F4-8E2F3B1E4EC3}.Debug|x86.ActiveCfg = Debug|Any CPU
		{A73C4B13-BD1E-4248-83F4-8E2F3B1E4EC3}.Debug|x86.Build.0 = Debug|Any CPU
		{A73C4B13-BD1E-4248-83F4-8E2F3B1E4EC3}.Release|Any CPU.ActiveCfg = Release|Any CPU
		{A73C4B13-BD1E-4248-83F4-8E2F3B1E4EC3}.Release|Any CPU.Build.0 = Release|Any CPU
		{A73C4B13-BD1E-4248-83F4-8E2F3B1E4EC3}.Release|Mixed Platforms.ActiveCfg = Release|Any CPU
		{A73C4B13-BD1E-4248-83F4-8E2F3B1E4EC3}.Release|Mixed Platforms.Build.0 = Release|Any CPU
		{A73C4B13-BD1E-4248-83F4-8E2F3B1E4EC3}.Release|x64.ActiveCfg = Release|Any CPU
		{A73C4B13-BD1E-4248-83F4-8E2F3B1E4EC3}.Release|x64.Build.0 = Release|Any CPU
		{A73C4B13-BD1E-4248-83F4-8E2F3B1E4EC3}.Release|x86.ActiveCfg = Release|Any CPU
		{A73C4B13-BD1E-4248-83F4-8E2F3B1E4EC3}.Release|x86.Build.0 = Release|Any CPU
		{933B6837-48A2-4867-8BB1-7F7A971855F8}.Debug|Any CPU.ActiveCfg = Debug|Any CPU
		{933B6837-48A2-4867-8BB1-7F7A971855F8}.Debug|Any CPU.Build.0 = Debug|Any CPU
		{933B6837-48A2-4867-8BB1-7F7A971855F8}.Debug|Mixed Platforms.ActiveCfg = Debug|Any CPU
		{933B6837-48A2-4867-8BB1-7F7A971855F8}.Debug|Mixed Platforms.Build.0 = Debug|Any CPU
		{933B6837-48A2-4867-8BB1-7F7A971855F8}.Debug|x64.ActiveCfg = Debug|Any CPU
		{933B6837-48A2-4867-8BB1-7F7A971855F8}.Debug|x64.Build.0 = Debug|Any CPU
		{933B6837-48A2-4867-8BB1-7F7A971855F8}.Debug|x86.ActiveCfg = Debug|Any CPU
		{933B6837-48A2-4867-8BB1-7F7A971855F8}.Debug|x86.Build.0 = Debug|Any CPU
		{933B6837-48A2-4867-8BB1-7F7A971855F8}.Release|Any CPU.ActiveCfg = Release|Any CPU
		{933B6837-48A2-4867-8BB1-7F7A971855F8}.Release|Any CPU.Build.0 = Release|Any CPU
		{933B6837-48A2-4867-8BB1-7F7A971855F8}.Release|Mixed Platforms.ActiveCfg = Release|Any CPU
		{933B6837-48A2-4867-8BB1-7F7A971855F8}.Release|Mixed Platforms.Build.0 = Release|Any CPU
		{933B6837-48A2-4867-8BB1-7F7A971855F8}.Release|x64.ActiveCfg = Release|Any CPU
		{933B6837-48A2-4867-8BB1-7F7A971855F8}.Release|x64.Build.0 = Release|Any CPU
		{933B6837-48A2-4867-8BB1-7F7A971855F8}.Release|x86.ActiveCfg = Release|Any CPU
		{933B6837-48A2-4867-8BB1-7F7A971855F8}.Release|x86.Build.0 = Release|Any CPU
		{753D8570-C1B2-496E-8B82-0743EC44DD24}.Debug|Any CPU.ActiveCfg = Debug|Any CPU
		{753D8570-C1B2-496E-8B82-0743EC44DD24}.Debug|Any CPU.Build.0 = Debug|Any CPU
		{753D8570-C1B2-496E-8B82-0743EC44DD24}.Debug|Mixed Platforms.ActiveCfg = Debug|Any CPU
		{753D8570-C1B2-496E-8B82-0743EC44DD24}.Debug|Mixed Platforms.Build.0 = Debug|Any CPU
		{753D8570-C1B2-496E-8B82-0743EC44DD24}.Debug|x64.ActiveCfg = Debug|Any CPU
		{753D8570-C1B2-496E-8B82-0743EC44DD24}.Debug|x64.Build.0 = Debug|Any CPU
		{753D8570-C1B2-496E-8B82-0743EC44DD24}.Debug|x86.ActiveCfg = Debug|Any CPU
		{753D8570-C1B2-496E-8B82-0743EC44DD24}.Debug|x86.Build.0 = Debug|Any CPU
		{753D8570-C1B2-496E-8B82-0743EC44DD24}.Release|Any CPU.ActiveCfg = Release|Any CPU
		{753D8570-C1B2-496E-8B82-0743EC44DD24}.Release|Any CPU.Build.0 = Release|Any CPU
		{753D8570-C1B2-496E-8B82-0743EC44DD24}.Release|Mixed Platforms.ActiveCfg = Release|Any CPU
		{753D8570-C1B2-496E-8B82-0743EC44DD24}.Release|Mixed Platforms.Build.0 = Release|Any CPU
		{753D8570-C1B2-496E-8B82-0743EC44DD24}.Release|x64.ActiveCfg = Release|Any CPU
		{753D8570-C1B2-496E-8B82-0743EC44DD24}.Release|x64.Build.0 = Release|Any CPU
		{753D8570-C1B2-496E-8B82-0743EC44DD24}.Release|x86.ActiveCfg = Release|Any CPU
		{753D8570-C1B2-496E-8B82-0743EC44DD24}.Release|x86.Build.0 = Release|Any CPU
		{02D9637B-DE39-485B-A459-A78C0D7DBA1D}.Debug|Any CPU.ActiveCfg = Debug|Any CPU
		{02D9637B-DE39-485B-A459-A78C0D7DBA1D}.Debug|Any CPU.Build.0 = Debug|Any CPU
		{02D9637B-DE39-485B-A459-A78C0D7DBA1D}.Debug|Mixed Platforms.ActiveCfg = Debug|Any CPU
		{02D9637B-DE39-485B-A459-A78C0D7DBA1D}.Debug|Mixed Platforms.Build.0 = Debug|Any CPU
		{02D9637B-DE39-485B-A459-A78C0D7DBA1D}.Debug|x64.ActiveCfg = Debug|Any CPU
		{02D9637B-DE39-485B-A459-A78C0D7DBA1D}.Debug|x64.Build.0 = Debug|Any CPU
		{02D9637B-DE39-485B-A459-A78C0D7DBA1D}.Debug|x86.ActiveCfg = Debug|Any CPU
		{02D9637B-DE39-485B-A459-A78C0D7DBA1D}.Debug|x86.Build.0 = Debug|Any CPU
		{02D9637B-DE39-485B-A459-A78C0D7DBA1D}.Release|Any CPU.ActiveCfg = Release|Any CPU
		{02D9637B-DE39-485B-A459-A78C0D7DBA1D}.Release|Any CPU.Build.0 = Release|Any CPU
		{02D9637B-DE39-485B-A459-A78C0D7DBA1D}.Release|Mixed Platforms.ActiveCfg = Release|Any CPU
		{02D9637B-DE39-485B-A459-A78C0D7DBA1D}.Release|Mixed Platforms.Build.0 = Release|Any CPU
		{02D9637B-DE39-485B-A459-A78C0D7DBA1D}.Release|x64.ActiveCfg = Release|Any CPU
		{02D9637B-DE39-485B-A459-A78C0D7DBA1D}.Release|x64.Build.0 = Release|Any CPU
		{02D9637B-DE39-485B-A459-A78C0D7DBA1D}.Release|x86.ActiveCfg = Release|Any CPU
		{02D9637B-DE39-485B-A459-A78C0D7DBA1D}.Release|x86.Build.0 = Release|Any CPU
	EndGlobalSection
	GlobalSection(SolutionProperties) = preSolution
		HideSolutionNode = FALSE
	EndGlobalSection
	GlobalSection(NestedProjects) = preSolution
		{A73C4B13-BD1E-4248-83F4-8E2F3B1E4EC3} = {B64A82CB-B1BD-4F48-80DC-19597B722063}
	EndGlobalSection
	GlobalSection(ExtensibilityGlobals) = postSolution
		SolutionGuid = {0038BD83-CE44-46AA-8403-BA7F1ABA0A0D}
	EndGlobalSection
	GlobalSection(SubversionScc) = preSolution
		Svn-Managed = True
		Manager = AnkhSVN - Subversion Support for Visual Studio
	EndGlobalSection
	GlobalSection(TestCaseManagementSettings) = postSolution
		CategoryFile = Fix.vsmdi
	EndGlobalSection
EndGlobal
